
Microsoft Visual Studio Solution File, Format Version 12.00
# Visual Studio 2013
VisualStudioVersion = 12.0.30324.0
MinimumVisualStudioVersion = 10.0.40219.1
Project("{FAE04EC0-301F-11D3-BF4B-00C04F79EFBC}") = "Simplifynet.CSharpPortable", "Simplifynet.CSharpPortable\Simplifynet.CSharpPortable.csproj", "{31F65DF8-4049-490B-91DB-0265D9C28D17}"
EndProject
Project("{FAE04EC0-301F-11D3-BF4B-00C04F79EFBC}") = "Simplifynet.Tests", "Simplifynet.Tests\Simplifynet.Tests.csproj", "{D1CD5CE2-1833-4624-8A74-12854024FED2}"
EndProject
Global
	GlobalSection(SolutionConfigurationPlatforms) = preSolution
		Debug|Any CPU = Debug|Any CPU
		Release|Any CPU = Release|Any CPU
	EndGlobalSection
	GlobalSection(ProjectConfigurationPlatforms) = postSolution
		{31F65DF8-4049-490B-91DB-0265D9C28D17}.Debug|Any CPU.ActiveCfg = Debug|Any CPU
		{31F65DF8-4049-490B-91DB-0265D9C28D17}.Debug|Any CPU.Build.0 = Debug|Any CPU
		{31F65DF8-4049-490B-91DB-0265D9C28D17}.Release|Any CPU.ActiveCfg = Release|Any CPU
		{31F65DF8-4049-490B-91DB-0265D9C28D17}.Release|Any CPU.Build.0 = Release|Any CPU
		{D1CD5CE2-1833-4624-8A74-12854024FED2}.Debug|Any CPU.ActiveCfg = Debug|Any CPU
		{D1CD5CE2-1833-4624-8A74-12854024FED2}.Debug|Any CPU.Build.0 = Debug|Any CPU
		{D1CD5CE2-1833-4624-8A74-12854024FED2}.Release|Any CPU.ActiveCfg = Release|Any CPU
		{D1CD5CE2-1833-4624-8A74-12854024FED2}.Release|Any CPU.Build.0 = Release|Any CPU
	EndGlobalSection
	GlobalSection(SolutionProperties) = preSolution
		HideSolutionNode = FALSE
	EndGlobalSection
EndGlobal
